// !$*UTF8*$!
{
	archiveVersion = 1;
	classes = {
	};
	objectVersion = 48;
	objects = {

/* Begin PBXBuildFile section */
		A18306EF200E838B00C2AC4F /* AppDelegate.swift in Sources */ = {isa = PBXBuildFile; fileRef = A18306EE200E838B00C2AC4F /* AppDelegate.swift */; };
		A18306F1200E838B00C2AC4F /* ViewController.swift in Sources */ = {isa = PBXBuildFile; fileRef = A18306F0200E838B00C2AC4F /* ViewController.swift */; };
		A18306F4200E838B00C2AC4F /* Main.storyboard in Resources */ = {isa = PBXBuildFile; fileRef = A18306F2200E838B00C2AC4F /* Main.storyboard */; };
		A18306F6200E838B00C2AC4F /* Assets.xcassets in Resources */ = {isa = PBXBuildFile; fileRef = A18306F5200E838B00C2AC4F /* Assets.xcassets */; };
		A18306F9200E838B00C2AC4F /* LaunchScreen.storyboard in Resources */ = {isa = PBXBuildFile; fileRef = A18306F7200E838B00C2AC4F /* LaunchScreen.storyboard */; };
		A1830704200E838B00C2AC4F /* QuizTests.swift in Sources */ = {isa = PBXBuildFile; fileRef = A1830703200E838B00C2AC4F /* QuizTests.swift */; };
		A183070F200E838B00C2AC4F /* QuizUITests.swift in Sources */ = {isa = PBXBuildFile; fileRef = A183070E200E838B00C2AC4F /* QuizUITests.swift */; };
/* End PBXBuildFile section */

/* Begin PBXContainerItemProxy section */
		A1830700200E838B00C2AC4F /* PBXContainerItemProxy */ = {
			isa = PBXContainerItemProxy;
			containerPortal = A18306E3200E838B00C2AC4F /* Project object */;
			proxyType = 1;
			remoteGlobalIDString = A18306EA200E838B00C2AC4F;
			remoteInfo = Quiz;
		};
		A183070B200E838B00C2AC4F /* PBXContainerItemProxy */ = {
			isa = PBXContainerItemProxy;
			containerPortal = A18306E3200E838B00C2AC4F /* Project object */;
			proxyType = 1;
			remoteGlobalIDString = A18306EA200E838B00C2AC4F;
			remoteInfo = Quiz;
		};
/* End PBXContainerItemProxy section */

/* Begin PBXFileReference section */
		A18306EB200E838B00C2AC4F /* Quiz.app */ = {isa = PBXFileReference; explicitFileType = wrapper.application; includeInIndex = 0; path = Quiz.app; sourceTree = BUILT_PRODUCTS_DIR; };
		A18306EE200E838B00C2AC4F /* AppDelegate.swift */ = {isa = PBXFileReference; lastKnownFileType = sourcecode.swift; path = AppDelegate.swift; sourceTree = "<group>"; };
		A18306F0200E838B00C2AC4F /* ViewController.swift */ = {isa = PBXFileReference; lastKnownFileType = sourcecode.swift; path = ViewController.swift; sourceTree = "<group>"; };
		A18306F3200E838B00C2AC4F /* Base */ = {isa = PBXFileReference; lastKnownFileType = file.storyboard; name = Base; path = Base.lproj/Main.storyboard; sourceTree = "<group>"; };
		A18306F5200E838B00C2AC4F /* Assets.xcassets */ = {isa = PBXFileReference; lastKnownFileType = folder.assetcatalog; path = Assets.xcassets; sourceTree = "<group>"; };
		A18306F8200E838B00C2AC4F /* Base */ = {isa = PBXFileReference; lastKnownFileType = file.storyboard; name = Base; path = Base.lproj/LaunchScreen.storyboard; sourceTree = "<group>"; };
		A18306FA200E838B00C2AC4F /* Info.plist */ = {isa = PBXFileReference; lastKnownFileType = text.plist.xml; path = Info.plist; sourceTree = "<group>"; };
		A18306FF200E838B00C2AC4F /* QuizTests.xctest */ = {isa = PBXFileReference; explicitFileType = wrapper.cfbundle; includeInIndex = 0; path = QuizTests.xctest; sourceTree = BUILT_PRODUCTS_DIR; };
		A1830703200E838B00C2AC4F /* QuizTests.swift */ = {isa = PBXFileReference; lastKnownFileType = sourcecode.swift; path = QuizTests.swift; sourceTree = "<group>"; };
		A1830705200E838B00C2AC4F /* Info.plist */ = {isa = PBXFileReference; lastKnownFileType = text.plist.xml; path = Info.plist; sourceTree = "<group>"; };
		A183070A200E838B00C2AC4F /* QuizUITests.xctest */ = {isa = PBXFileReference; explicitFileType = wrapper.cfbundle; includeInIndex = 0; path = QuizUITests.xctest; sourceTree = BUILT_PRODUCTS_DIR; };
		A183070E200E838B00C2AC4F /* QuizUITests.swift */ = {isa = PBXFileReference; lastKnownFileType = sourcecode.swift; path = QuizUITests.swift; sourceTree = "<group>"; };
		A1830710200E838B00C2AC4F /* Info.plist */ = {isa = PBXFileReference; lastKnownFileType = text.plist.xml; path = Info.plist; sourceTree = "<group>"; };
/* End PBXFileReference section */

/* Begin PBXFrameworksBuildPhase section */
		A18306E8200E838B00C2AC4F /* Frameworks */ = {
			isa = PBXFrameworksBuildPhase;
			buildActionMask = 2147483647;
			files = (
			);
			runOnlyForDeploymentPostprocessing = 0;
		};
		A18306FC200E838B00C2AC4F /* Frameworks */ = {
			isa = PBXFrameworksBuildPhase;
			buildActionMask = 2147483647;
			files = (
			);
			runOnlyForDeploymentPostprocessing = 0;
		};
		A1830707200E838B00C2AC4F /* Frameworks */ = {
			isa = PBXFrameworksBuildPhase;
			buildActionMask = 2147483647;
			files = (
			);
			runOnlyForDeploymentPostprocessing = 0;
		};
/* End PBXFrameworksBuildPhase section */

/* Begin PBXGroup section */
		A18306E2200E838B00C2AC4F = {
			isa = PBXGroup;
			children = (
				A18306ED200E838B00C2AC4F /* Quiz */,
				A1830702200E838B00C2AC4F /* QuizTests */,
				A183070D200E838B00C2AC4F /* QuizUITests */,
				A18306EC200E838B00C2AC4F /* Products */,
			);
			sourceTree = "<group>";
		};
		A18306EC200E838B00C2AC4F /* Products */ = {
			isa = PBXGroup;
			children = (
				A18306EB200E838B00C2AC4F /* Quiz.app */,
				A18306FF200E838B00C2AC4F /* QuizTests.xctest */,
				A183070A200E838B00C2AC4F /* QuizUITests.xctest */,
			);
			name = Products;
			sourceTree = "<group>";
		};
		A18306ED200E838B00C2AC4F /* Quiz */ = {
			isa = PBXGroup;
			children = (
				A18306EE200E838B00C2AC4F /* AppDelegate.swift */,
				A18306F0200E838B00C2AC4F /* ViewController.swift */,
				A18306F2200E838B00C2AC4F /* Main.storyboard */,
				A18306F5200E838B00C2AC4F /* Assets.xcassets */,
				A18306F7200E838B00C2AC4F /* LaunchScreen.storyboard */,
				A18306FA200E838B00C2AC4F /* Info.plist */,
			);
			path = Quiz;
			sourceTree = "<group>";
		};
		A1830702200E838B00C2AC4F /* QuizTests */ = {
			isa = PBXGroup;
			children = (
				A1830703200E838B00C2AC4F /* QuizTests.swift */,
				A1830705200E838B00C2AC4F /* Info.plist */,
			);
			path = QuizTests;
			sourceTree = "<group>";
		};
		A183070D200E838B00C2AC4F /* QuizUITests */ = {
			isa = PBXGroup;
			children = (
				A183070E200E838B00C2AC4F /* QuizUITests.swift */,
				A1830710200E838B00C2AC4F /* Info.plist */,
			);
			path = QuizUITests;
			sourceTree = "<group>";
		};
/* End PBXGroup section */

/* Begin PBXNativeTarget section */
		A18306EA200E838B00C2AC4F /* Quiz */ = {
			isa = PBXNativeTarget;
			buildConfigurationList = A1830713200E838B00C2AC4F /* Build configuration list for PBXNativeTarget "Quiz" */;
			buildPhases = (
				A18306E7200E838B00C2AC4F /* Sources */,
				A18306E8200E838B00C2AC4F /* Frameworks */,
				A18306E9200E838B00C2AC4F /* Resources */,
			);
			buildRules = (
			);
			dependencies = (
			);
			name = Quiz;
			productName = Quiz;
			productReference = A18306EB200E838B00C2AC4F /* Quiz.app */;
			productType = "com.apple.product-type.application";
		};
		A18306FE200E838B00C2AC4F /* QuizTests */ = {
			isa = PBXNativeTarget;
			buildConfigurationList = A1830716200E838B00C2AC4F /* Build configuration list for PBXNativeTarget "QuizTests" */;
			buildPhases = (
				A18306FB200E838B00C2AC4F /* Sources */,
				A18306FC200E838B00C2AC4F /* Frameworks */,
				A18306FD200E838B00C2AC4F /* Resources */,
			);
			buildRules = (
			);
			dependencies = (
				A1830701200E838B00C2AC4F /* PBXTargetDependency */,
			);
			name = QuizTests;
			productName = QuizTests;
			productReference = A18306FF200E838B00C2AC4F /* QuizTests.xctest */;
			productType = "com.apple.product-type.bundle.unit-test";
		};
		A1830709200E838B00C2AC4F /* QuizUITests */ = {
			isa = PBXNativeTarget;
			buildConfigurationList = A1830719200E838B00C2AC4F /* Build configuration list for PBXNativeTarget "QuizUITests" */;
			buildPhases = (
				A1830706200E838B00C2AC4F /* Sources */,
				A1830707200E838B00C2AC4F /* Frameworks */,
				A1830708200E838B00C2AC4F /* Resources */,
			);
			buildRules = (
			);
			dependencies = (
				A183070C200E838B00C2AC4F /* PBXTargetDependency */,
			);
			name = QuizUITests;
			productName = QuizUITests;
			productReference = A183070A200E838B00C2AC4F /* QuizUITests.xctest */;
			productType = "com.apple.product-type.bundle.ui-testing";
		};
/* End PBXNativeTarget section */

/* Begin PBXProject section */
		A18306E3200E838B00C2AC4F /* Project object */ = {
			isa = PBXProject;
			attributes = {
				LastSwiftUpdateCheck = 0920;
				LastUpgradeCheck = 0920;
				ORGANIZATIONNAME = "Madison D'Ostuni";
				TargetAttributes = {
					A18306EA200E838B00C2AC4F = {
						CreatedOnToolsVersion = 9.2;
						ProvisioningStyle = Automatic;
					};
					A18306FE200E838B00C2AC4F = {
						CreatedOnToolsVersion = 9.2;
						ProvisioningStyle = Automatic;
						TestTargetID = A18306EA200E838B00C2AC4F;
					};
					A1830709200E838B00C2AC4F = {
						CreatedOnToolsVersion = 9.2;
						ProvisioningStyle = Automatic;
						TestTargetID = A18306EA200E838B00C2AC4F;
					};
				};
			};
			buildConfigurationList = A18306E6200E838B00C2AC4F /* Build configuration list for PBXProject "Quiz" */;
			compatibilityVersion = "Xcode 8.0";
			developmentRegion = en;
			hasScannedForEncodings = 0;
			knownRegions = (
				en,
				Base,
			);
			mainGroup = A18306E2200E838B00C2AC4F;
			productRefGroup = A18306EC200E838B00C2AC4F /* Products */;
			projectDirPath = "";
			projectRoot = "";
			targets = (
				A18306EA200E838B00C2AC4F /* Quiz */,
				A18306FE200E838B00C2AC4F /* QuizTests */,
				A1830709200E838B00C2AC4F /* QuizUITests */,
			);
		};
/* End PBXProject section */

/* Begin PBXResourcesBuildPhase section */
		A18306E9200E838B00C2AC4F /* Resources */ = {
			isa = PBXResourcesBuildPhase;
			buildActionMask = 2147483647;
			files = (
				A18306F9200E838B00C2AC4F /* LaunchScreen.storyboard in Resources */,
				A18306F6200E838B00C2AC4F /* Assets.xcassets in Resources */,
				A18306F4200E838B00C2AC4F /* Main.storyboard in Resources */,
			);
			runOnlyForDeploymentPostprocessing = 0;
		};
		A18306FD200E838B00C2AC4F /* Resources */ = {
			isa = PBXResourcesBuildPhase;
			buildActionMask = 2147483647;
			files = (
			);
			runOnlyForDeploymentPostprocessing = 0;
		};
		A1830708200E838B00C2AC4F /* Resources */ = {
			isa = PBXResourcesBuildPhase;
			buildActionMask = 2147483647;
			files = (
			);
			runOnlyForDeploymentPostprocessing = 0;
		};
/* End PBXResourcesBuildPhase section */

/* Begin PBXSourcesBuildPhase section */
		A18306E7200E838B00C2AC4F /* Sources */ = {
			isa = PBXSourcesBuildPhase;
			buildActionMask = 2147483647;
			files = (
				A18306F1200E838B00C2AC4F /* ViewController.swift in Sources */,
				A18306EF200E838B00C2AC4F /* AppDelegate.swift in Sources */,
			);
			runOnlyForDeploymentPostprocessing = 0;
		};
		A18306FB200E838B00C2AC4F /* Sources */ = {
			isa = PBXSourcesBuildPhase;
			buildActionMask = 2147483647;
			files = (
				A1830704200E838B00C2AC4F /* QuizTests.swift in Sources */,
			);
			runOnlyForDeploymentPostprocessing = 0;
		};
		A1830706200E838B00C2AC4F /* Sources */ = {
			isa = PBXSourcesBuildPhase;
			buildActionMask = 2147483647;
			files = (
				A183070F200E838B00C2AC4F /* QuizUITests.swift in Sources */,
			);
			runOnlyForDeploymentPostprocessing = 0;
		};
/* End PBXSourcesBuildPhase section */

/* Begin PBXTargetDependency section */
		A1830701200E838B00C2AC4F /* PBXTargetDependency */ = {
			isa = PBXTargetDependency;
			target = A18306EA200E838B00C2AC4F /* Quiz */;
			targetProxy = A1830700200E838B00C2AC4F /* PBXContainerItemProxy */;
		};
		A183070C200E838B00C2AC4F /* PBXTargetDependency */ = {
			isa = PBXTargetDependency;
			target = A18306EA200E838B00C2AC4F /* Quiz */;
			targetProxy = A183070B200E838B00C2AC4F /* PBXContainerItemProxy */;
		};
/* End PBXTargetDependency section */

/* Begin PBXVariantGroup section */
		A18306F2200E838B00C2AC4F /* Main.storyboard */ = {
			isa = PBXVariantGroup;
			children = (
				A18306F3200E838B00C2AC4F /* Base */,
			);
			name = Main.storyboard;
			sourceTree = "<group>";
		};
		A18306F7200E838B00C2AC4F /* LaunchScreen.storyboard */ = {
			isa = PBXVariantGroup;
			children = (
				A18306F8200E838B00C2AC4F /* Base */,
			);
			name = LaunchScreen.storyboard;
			sourceTree = "<group>";
		};
/* End PBXVariantGroup section */

/* Begin XCBuildConfiguration section */
		A1830711200E838B00C2AC4F /* Debug */ = {
			isa = XCBuildConfiguration;
			buildSettings = {
				ALWAYS_SEARCH_USER_PATHS = NO;
				CLANG_ANALYZER_NONNULL = YES;
				CLANG_ANALYZER_NUMBER_OBJECT_CONVERSION = YES_AGGRESSIVE;
				CLANG_CXX_LANGUAGE_STANDARD = "gnu++14";
				CLANG_CXX_LIBRARY = "libc++";
				CLANG_ENABLE_MODULES = YES;
				CLANG_ENABLE_OBJC_ARC = YES;
				CLANG_WARN_BLOCK_CAPTURE_AUTORELEASING = YES;
				CLANG_WARN_BOOL_CONVERSION = YES;
				CLANG_WARN_COMMA = YES;
				CLANG_WARN_CONSTANT_CONVERSION = YES;
				CLANG_WARN_DIRECT_OBJC_ISA_USAGE = YES_ERROR;
				CLANG_WARN_DOCUMENTATION_COMMENTS = YES;
				CLANG_WARN_EMPTY_BODY = YES;
				CLANG_WARN_ENUM_CONVERSION = YES;
				CLANG_WARN_INFINITE_RECURSION = YES;
				CLANG_WARN_INT_CONVERSION = YES;
				CLANG_WARN_NON_LITERAL_NULL_CONVERSION = YES;
				CLANG_WARN_OBJC_LITERAL_CONVERSION = YES;
				CLANG_WARN_OBJC_ROOT_CLASS = YES_ERROR;
				CLANG_WARN_RANGE_LOOP_ANALYSIS = YES;
				CLANG_WARN_STRICT_PROTOTYPES = YES;
				CLANG_WARN_SUSPICIOUS_MOVE = YES;
				CLANG_WARN_UNGUARDED_AVAILABILITY = YES_AGGRESSIVE;
				CLANG_WARN_UNREACHABLE_CODE = YES;
				CLANG_WARN__DUPLICATE_METHOD_MATCH = YES;
				CODE_SIGN_IDENTITY = "iPhone Developer";
				COPY_PHASE_STRIP = NO;
				DEBUG_INFORMATION_FORMAT = dwarf;
				ENABLE_STRICT_OBJC_MSGSEND = YES;
				ENABLE_TESTABILITY = YES;
				GCC_C_LANGUAGE_STANDARD = gnu11;
				GCC_DYNAMIC_NO_PIC = NO;
				GCC_NO_COMMON_BLOCKS = YES;
				GCC_OPTIMIZATION_LEVEL = 0;
				GCC_PREPROCESSOR_DEFINITIONS = (
					"DEBUG=1",
					"$(inherited)",
				);
				GCC_WARN_64_TO_32_BIT_CONVERSION = YES;
				GCC_WARN_ABOUT_RETURN_TYPE = YES_ERROR;
				GCC_WARN_UNDECLARED_SELECTOR = YES;
				GCC_WARN_UNINITIALIZED_AUTOS = YES_AGGRESSIVE;
				GCC_WARN_UNUSED_FUNCTION = YES;
				GCC_WARN_UNUSED_VARIABLE = YES;
				IPHONEOS_DEPLOYMENT_TARGET = 11.2;
				MTL_ENABLE_DEBUG_INFO = YES;
				ONLY_ACTIVE_ARCH = YES;
				SDKROOT = iphoneos;
				SWIFT_ACTIVE_COMPILATION_CONDITIONS = DEBUG;
				SWIFT_OPTIMIZATION_LEVEL = "-Onone";
			};
			name = Debug;
		};
		A1830712200E838B00C2AC4F /* Release */ = {
			isa = XCBuildConfiguration;
			buildSettings = {
				ALWAYS_SEARCH_USER_PATHS = NO;
				CLANG_ANALYZER_NONNULL = YES;
				CLANG_ANALYZER_NUMBER_OBJECT_CONVERSION = YES_AGGRESSIVE;
				CLANG_CXX_LANGUAGE_STANDARD = "gnu++14";
				CLANG_CXX_LIBRARY = "libc++";
				CLANG_ENABLE_MODULES = YES;
				CLANG_ENABLE_OBJC_ARC = YES;
				CLANG_WARN_BLOCK_CAPTURE_AUTORELEASING = YES;
				CLANG_WARN_BOOL_CONVERSION = YES;
				CLANG_WARN_COMMA = YES;
				CLANG_WARN_CONSTANT_CONVERSION = YES;
				CLANG_WARN_DIRECT_OBJC_ISA_USAGE = YES_ERROR;
				CLANG_WARN_DOCUMENTATION_COMMENTS = YES;
				CLANG_WARN_EMPTY_BODY = YES;
				CLANG_WARN_ENUM_CONVERSION = YES;
				CLANG_WARN_INFINITE_RECURSION = YES;
				CLANG_WARN_INT_CONVERSION = YES;
				CLANG_WARN_NON_LITERAL_NULL_CONVERSION = YES;
				CLANG_WARN_OBJC_LITERAL_CONVERSION = YES;
				CLANG_WARN_OBJC_ROOT_CLASS = YES_ERROR;
				CLANG_WARN_RANGE_LOOP_ANALYSIS = YES;
				CLANG_WARN_STRICT_PROTOTYPES = YES;
				CLANG_WARN_SUSPICIOUS_MOVE = YES;
				CLANG_WARN_UNGUARDED_AVAILABILITY = YES_AGGRESSIVE;
				CLANG_WARN_UNREACHABLE_CODE = YES;
				CLANG_WARN__DUPLICATE_METHOD_MATCH = YES;
				CODE_SIGN_IDENTITY = "iPhone Developer";
				COPY_PHASE_STRIP = NO;
				DEBUG_INFORMATION_FORMAT = "dwarf-with-dsym";
				ENABLE_NS_ASSERTIONS = NO;
				ENABLE_STRICT_OBJC_MSGSEND = YES;
				GCC_C_LANGUAGE_STANDARD = gnu11;
				GCC_NO_COMMON_BLOCKS = YES;
				GCC_WARN_64_TO_32_BIT_CONVERSION = YES;
				GCC_WARN_ABOUT_RETURN_TYPE = YES_ERROR;
				GCC_WARN_UNDECLARED_SELECTOR = YES;
				GCC_WARN_UNINITIALIZED_AUTOS = YES_AGGRESSIVE;
				GCC_WARN_UNUSED_FUNCTION = YES;
				GCC_WARN_UNUSED_VARIABLE = YES;
				IPHONEOS_DEPLOYMENT_TARGET = 11.2;
				MTL_ENABLE_DEBUG_INFO = NO;
				SDKROOT = iphoneos;
				SWIFT_OPTIMIZATION_LEVEL = "-Owholemodule";
				VALIDATE_PRODUCT = YES;
			};
			name = Release;
		};
		A1830714200E838B00C2AC4F /* Debug */ = {
			isa = XCBuildConfiguration;
			buildSettings = {
				ASSETCATALOG_COMPILER_APPICON_NAME = AppIcon;
				CODE_SIGN_STYLE = Automatic;
				INFOPLIST_FILE = Quiz/Info.plist;
				LD_RUNPATH_SEARCH_PATHS = "$(inherited) @executable_path/Frameworks";
				PRODUCT_BUNDLE_IDENTIFIER = "High-Point-University.Quiz";
				PRODUCT_NAME = "$(TARGET_NAME)";
				SWIFT_VERSION = 4.0;
				TARGETED_DEVICE_FAMILY = "1,2";
			};
			name = Debug;
		};
		A1830715200E838B00C2AC4F /* Release */ = {
			isa = XCBuildConfiguration;
			buildSettings = {
				ASSETCATALOG_COMPILER_APPICON_NAME = AppIcon;
				CODE_SIGN_STYLE = Automatic;
				INFOPLIST_FILE = Quiz/Info.plist;
				LD_RUNPATH_SEARCH_PATHS = "$(inherited) @executable_path/Frameworks";
				PRODUCT_BUNDLE_IDENTIFIER = "High-Point-University.Quiz";
				PRODUCT_NAME = "$(TARGET_NAME)";
				SWIFT_VERSION = 4.0;
				TARGETED_DEVICE_FAMILY = "1,2";
			};
			name = Release;
		};
		A1830717200E838B00C2AC4F /* Debug */ = {
			isa = XCBuildConfiguration;
			buildSettings = {
				ALWAYS_EMBED_SWIFT_STANDARD_LIBRARIES = YES;
				BUNDLE_LOADER = "$(TEST_HOST)";
				CODE_SIGN_STYLE = Automatic;
				INFOPLIST_FILE = QuizTests/Info.plist;
				LD_RUNPATH_SEARCH_PATHS = "$(inherited) @executable_path/Frameworks @loader_path/Frameworks";
				PRODUCT_BUNDLE_IDENTIFIER = "High-Point-University.QuizTests";
				PRODUCT_NAME = "$(TARGET_NAME)";
				SWIFT_VERSION = 4.0;
				TARGETED_DEVICE_FAMILY = "1,2";
				TEST_HOST = "$(BUILT_PRODUCTS_DIR)/Quiz.app/Quiz";
			};
			name = Debug;
		};
		A1830718200E838B00C2AC4F /* Release */ = {
			isa = XCBuildConfiguration;
			buildSettings = {
				ALWAYS_EMBED_SWIFT_STANDARD_LIBRARIES = YES;
				BUNDLE_LOADER = "$(TEST_HOST)";
				CODE_SIGN_STYLE = Automatic;
				INFOPLIST_FILE = QuizTests/Info.plist;
				LD_RUNPATH_SEARCH_PATHS = "$(inherited) @executable_path/Frameworks @loader_path/Frameworks";
				PRODUCT_BUNDLE_IDENTIFIER = "High-Point-University.QuizTests";
				PRODUCT_NAME = "$(TARGET_NAME)";
				SWIFT_VERSION = 4.0;
				TARGETED_DEVICE_FAMILY = "1,2";
				TEST_HOST = "$(BUILT_PRODUCTS_DIR)/Quiz.app/Quiz";
			};
			name = Release;
		};
		A183071A200E838B00C2AC4F /* Debug */ = {
			isa = XCBuildConfiguration;
			buildSettings = {
				ALWAYS_EMBED_SWIFT_STANDARD_LIBRARIES = YES;
				CODE_SIGN_STYLE = Automatic;
				INFOPLIST_FILE = QuizUITests/Info.plist;
				LD_RUNPATH_SEARCH_PATHS = "$(inherited) @executable_path/Frameworks @loader_path/Frameworks";
				PRODUCT_BUNDLE_IDENTIFIER = "High-Point-University.QuizUITests";
				PRODUCT_NAME = "$(TARGET_NAME)";
				SWIFT_VERSION = 4.0;
				TARGETED_DEVICE_FAMILY = "1,2";
				TEST_TARGET_NAME = Quiz;
			};
			name = Debug;
		};
		A183071B200E838B00C2AC4F /* Release */ = {
			isa = XCBuildConfiguration;
			buildSettings = {
				ALWAYS_EMBED_SWIFT_STANDARD_LIBRARIES = YES;
				CODE_SIGN_STYLE = Automatic;
				INFOPLIST_FILE = QuizUITests/Info.plist;
				LD_RUNPATH_SEARCH_PATHS = "$(inherited) @executable_path/Frameworks @loader_path/Frameworks";
				PRODUCT_BUNDLE_IDENTIFIER = "High-Point-University.QuizUITests";
				PRODUCT_NAME = "$(TARGET_NAME)";
				SWIFT_VERSION = 4.0;
				TARGETED_DEVICE_FAMILY = "1,2";
				TEST_TARGET_NAME = Quiz;
			};
			name = Release;
		};
/* End XCBuildConfiguration section */

/* Begin XCConfigurationList section */
		A18306E6200E838B00C2AC4F /* Build configuration list for PBXProject "Quiz" */ = {
			isa = XCConfigurationList;
			buildConfigurations = (
				A1830711200E838B00C2AC4F /* Debug */,
				A1830712200E838B00C2AC4F /* Release */,
			);
			defaultConfigurationIsVisible = 0;
			defaultConfigurationName = Release;
		};
		A1830713200E838B00C2AC4F /* Build configuration list for PBXNativeTarget "Quiz" */ = {
			isa = XCConfigurationList;
			buildConfigurations = (
				A1830714200E838B00C2AC4F /* Debug */,
				A1830715200E838B00C2AC4F /* Release */,
			);
			defaultConfigurationIsVisible = 0;
			defaultConfigurationName = Release;
		};
		A1830716200E838B00C2AC4F /* Build configuration list for PBXNativeTarget "QuizTests" */ = {
			isa = XCConfigurationList;
			buildConfigurations = (
				A1830717200E838B00C2AC4F /* Debug */,
				A1830718200E838B00C2AC4F /* Release */,
			);
			defaultConfigurationIsVisible = 0;
			defaultConfigurationName = Release;
		};
		A1830719200E838B00C2AC4F /* Build configuration list for PBXNativeTarget "QuizUITests" */ = {
			isa = XCConfigurationList;
			buildConfigurations = (
				A183071A200E838B00C2AC4F /* Debug */,
				A183071B200E838B00C2AC4F /* Release */,
			);
			defaultConfigurationIsVisible = 0;
			defaultConfigurationName = Release;
		};
/* End XCConfigurationList section */
	};
	rootObject = A18306E3200E838B00C2AC4F /* Project object */;
}
